apiVersion: vendir.k14s.io/v1alpha1
directories:
- contents:
  - git:
      commitTitle: prepare next release (#905)...
      sha: e3c15329392fe9cc2db735d0f89f4a732b533244
      tags:
      - kubescape-operator-1.40.4
    path: .
  path: helm/kubescape/charts/kubescape-operator
- contents:
  - git:
      commitTitle: prepare next release (#905)...
      sha: e3c15329392fe9cc2db735d0f89f4a732b533244
      tags:
      - kubescape-operator-1.40.4
    path: .
  path: helm/kubescape/charts/dependency_chart
kind: LockConfig
