apiVersion: vendir.k14s.io/v1alpha1
directories:
- contents:
  - git:
      commitTitle: use latest node-agent...
      sha: cdac52632d593866851720adbbe45fc7d6be2a5b
      tags:
      - kubescape-operator-1.30.6
    path: .
  path: helm/kubescape/charts/kubescape-operator
- contents:
  - git:
      commitTitle: use latest node-agent...
      sha: cdac52632d593866851720adbbe45fc7d6be2a5b
      tags:
      - kubescape-operator-1.30.6
    path: .
  path: helm/kubescape/charts/dependency_chart
kind: LockConfig
