dependencies:
- name: exceptions
  repository: ""
  version: 0.0.0
- name: dependency_chart
  repository: ""
  version: 0.0.0
- name: kubescape-operator
  repository: ""
  version: 1.40.2
digest: sha256:e5374b26cefa730ba98b0bd65fca1c3635067959b21508a42d4ca35bed254a9a
generated: "2026-05-27T13:10:55.379900661Z"
