dependencies:
- name: exceptions
  repository: ""
  version: 0.0.0
- name: dependency_chart
  repository: ""
  version: 0.0.0
- name: kubescape-operator
  repository: ""
  version: 1.40.4
digest: sha256:601c39923a24fa3473756ea6f5973f2d1cc2d4ad4f9c17a293fe18fa3500d967
generated: "2026-09-10T22:52:10.845444999Z"
